// !$*UTF8*$!
{
	archiveVersion = 1;
	classes = {
	};
	objectVersion = 70;
	objects = {

/* Begin PBXBuildFile section */
		102645472CC110EA00BCB096 /* Bundle-Decodable.swift in Sources */ = {isa = PBXBuildFile; fileRef = 102645462CC110EA00BCB096 /* Bundle-Decodable.swift */; };
		1026454A2CC117D900BCB096 /* Colors.xcassets in Resources */ = {isa = PBXBuildFile; fileRef = 102645492CC117D900BCB096 /* Colors.xcassets */; };
		1026454D2CC118AD00BCB096 /* Award.swift in Sources */ = {isa = PBXBuildFile; fileRef = 1026454C2CC118AD00BCB096 /* Award.swift */; };
		1026454F2CC119E800BCB096 /* AwardsView.swift in Sources */ = {isa = PBXBuildFile; fileRef = 1026454E2CC119E800BCB096 /* AwardsView.swift */; };
		1026457D2CC3C63F00BCB096 /* Awards.json in Resources */ = {isa = PBXBuildFile; fileRef = 1026457C2CC3C63F00BCB096 /* Awards.json */; };
		102F81892CC3C87C000A1B0C /* Localizable.xcstrings in Resources */ = {isa = PBXBuildFile; fileRef = 102F81882CC3C87C000A1B0C /* Localizable.xcstrings */; };
		102F818C2CC67F5E000A1B0C /* SideBarView+Toolbar.swift in Sources */ = {isa = PBXBuildFile; fileRef = 102F818B2CC67F5E000A1B0C /* SideBarView+Toolbar.swift */; };
		102F818E2CC681B5000A1B0C /* IssueView+Toolbar.swift in Sources */ = {isa = PBXBuildFile; fileRef = 102F818D2CC681B5000A1B0C /* IssueView+Toolbar.swift */; };
		102F81902CC682A1000A1B0C /* ContentView+Toolbar.swift in Sources */ = {isa = PBXBuildFile; fileRef = 102F818F2CC682A1000A1B0C /* ContentView+Toolbar.swift */; };
		102F81922CC6843D000A1B0C /* TagsMenuView.swift in Sources */ = {isa = PBXBuildFile; fileRef = 102F81912CC6843D000A1B0C /* TagsMenuView.swift */; };
		102F81942CC68576000A1B0C /* UserFilterRow.swift in Sources */ = {isa = PBXBuildFile; fileRef = 102F81932CC68576000A1B0C /* UserFilterRow.swift */; };
		1057F8752CF0B7B10026AEC9 /* SideBarViewModel.swift in Sources */ = {isa = PBXBuildFile; fileRef = 1057F8742CF0B7B10026AEC9 /* SideBarViewModel.swift */; };
		1057F8772CF0CD8F0026AEC9 /* ContentViewModel.swift in Sources */ = {isa = PBXBuildFile; fileRef = 1057F8762CF0CD8F0026AEC9 /* ContentViewModel.swift */; };
		1057F8792CF0CF880026AEC9 /* IssueRowViewModel.swift in Sources */ = {isa = PBXBuildFile; fileRef = 1057F8782CF0CF880026AEC9 /* IssueRowViewModel.swift */; };
		105B78F62D07015D00490D07 /* StoreConfiguration.storekit in Resources */ = {isa = PBXBuildFile; fileRef = 105B78F52D07015D00490D07 /* StoreConfiguration.storekit */; };
		105B78F82D07031800490D07 /* DataController-StoreKit.swift in Sources */ = {isa = PBXBuildFile; fileRef = 105B78F72D07031800490D07 /* DataController-StoreKit.swift */; };
		105B78FB2D070C9500490D07 /* StoreView.swift in Sources */ = {isa = PBXBuildFile; fileRef = 105B78FA2D070C9500490D07 /* StoreView.swift */; };
		105F5DDB2CB40E5A00303F10 /* Issue-CoreDataHelpers.swift in Sources */ = {isa = PBXBuildFile; fileRef = 105F5DDA2CB40E5A00303F10 /* Issue-CoreDataHelpers.swift */; };
		105F5DDD2CB411EC00303F10 /* Tag-CoreDataHelpers.swift in Sources */ = {isa = PBXBuildFile; fileRef = 105F5DDC2CB411EC00303F10 /* Tag-CoreDataHelpers.swift */; };
		105F5DDF2CB4228800303F10 /* IssueRow.swift in Sources */ = {isa = PBXBuildFile; fileRef = 105F5DDE2CB4228800303F10 /* IssueRow.swift */; };
		105F5DE12CB42BF800303F10 /* IssueView.swift in Sources */ = {isa = PBXBuildFile; fileRef = 105F5DE02CB42BF800303F10 /* IssueView.swift */; };
		105F5DE32CB42C0600303F10 /* NoIssueView.swift in Sources */ = {isa = PBXBuildFile; fileRef = 105F5DE22CB42C0600303F10 /* NoIssueView.swift */; };
		10601A0C2D1D8C53003F0F9C /* WidgetKit.framework in Frameworks */ = {isa = PBXBuildFile; fileRef = 10601A0B2D1D8C53003F0F9C /* WidgetKit.framework */; };
		10601A0E2D1D8C53003F0F9C /* SwiftUI.framework in Frameworks */ = {isa = PBXBuildFile; fileRef = 10601A0D2D1D8C53003F0F9C /* SwiftUI.framework */; };
		10601A192D1D8C55003F0F9C /* FeedbackAssistantWidgetExtension.appex in Embed Foundation Extensions */ = {isa = PBXBuildFile; fileRef = 10601A092D1D8C53003F0F9C /* FeedbackAssistantWidgetExtension.appex */; settings = {ATTRIBUTES = (RemoveHeadersOnCopy, ); }; };
		10601A1F2D1D8DF4003F0F9C /* Main.xcdatamodeld in Sources */ = {isa = PBXBuildFile; fileRef = 10C908632C79E27600644702 /* Main.xcdatamodeld */; };
		10601A202D1D8E15003F0F9C /* DataController.swift in Sources */ = {isa = PBXBuildFile; fileRef = 10C908662C79E5D800644702 /* DataController.swift */; };
		10601A212D1D8E32003F0F9C /* Tag-CoreDataHelpers.swift in Sources */ = {isa = PBXBuildFile; fileRef = 105F5DDC2CB411EC00303F10 /* Tag-CoreDataHelpers.swift */; };
		10601A222D1D8E32003F0F9C /* Issue-CoreDataHelpers.swift in Sources */ = {isa = PBXBuildFile; fileRef = 105F5DDA2CB40E5A00303F10 /* Issue-CoreDataHelpers.swift */; };
		10601A232D1D8E89003F0F9C /* Filter.swift in Sources */ = {isa = PBXBuildFile; fileRef = 10C9086D2C79FC7900644702 /* Filter.swift */; };
		10601A262D1D8EDF003F0F9C /* DataController-StoreKit.swift in Sources */ = {isa = PBXBuildFile; fileRef = 105B78F72D07031800490D07 /* DataController-StoreKit.swift */; };
		10601A282D1D9163003F0F9C /* DataController-Awards.swift in Sources */ = {isa = PBXBuildFile; fileRef = 10601A272D1D9163003F0F9C /* DataController-Awards.swift */; };
		106523452D1ACB990006C5DA /* AppDelegate.swift in Sources */ = {isa = PBXBuildFile; fileRef = 106523442D1ACB990006C5DA /* AppDelegate.swift */; };
		106523472D1ACBA30006C5DA /* SceneDelegate.swift in Sources */ = {isa = PBXBuildFile; fileRef = 106523462D1ACBA30006C5DA /* SceneDelegate.swift */; };
		10BF2A722CFDFED90075711D /* DataController+Notifications.swift in Sources */ = {isa = PBXBuildFile; fileRef = 10BF2A712CFDFED90075711D /* DataController+Notifications.swift */; };
		10C908552C79E1AA00644702 /* FeedbackAssistantApp.swift in Sources */ = {isa = PBXBuildFile; fileRef = 10C908542C79E1AA00644702 /* FeedbackAssistantApp.swift */; };
		10C908572C79E1AA00644702 /* ContentView.swift in Sources */ = {isa = PBXBuildFile; fileRef = 10C908562C79E1AA00644702 /* ContentView.swift */; };
		10C908592C79E1AB00644702 /* Assets.xcassets in Resources */ = {isa = PBXBuildFile; fileRef = 10C908582C79E1AB00644702 /* Assets.xcassets */; };
		10C9085D2C79E1AB00644702 /* Preview Assets.xcassets in Resources */ = {isa = PBXBuildFile; fileRef = 10C9085C2C79E1AB00644702 /* Preview Assets.xcassets */; };
		10C908652C79E27600644702 /* Main.xcdatamodeld in Sources */ = {isa = PBXBuildFile; fileRef = 10C908632C79E27600644702 /* Main.xcdatamodeld */; };
		10C908672C79E5D800644702 /* DataController.swift in Sources */ = {isa = PBXBuildFile; fileRef = 10C908662C79E5D800644702 /* DataController.swift */; };
		10C9086A2C79FACC00644702 /* SideBarView.swift in Sources */ = {isa = PBXBuildFile; fileRef = 10C908692C79FACC00644702 /* SideBarView.swift */; };
		10C9086C2C79FAE200644702 /* DetailView.swift in Sources */ = {isa = PBXBuildFile; fileRef = 10C9086B2C79FAE200644702 /* DetailView.swift */; };
		10C9086E2C79FC7900644702 /* Filter.swift in Sources */ = {isa = PBXBuildFile; fileRef = 10C9086D2C79FC7900644702 /* Filter.swift */; };
/* End PBXBuildFile section */

/* Begin PBXContainerItemProxy section */
		103C6EA02CE7977800EFB389 /* PBXContainerItemProxy */ = {
			isa = PBXContainerItemProxy;
			containerPortal = 10C908492C79E1AA00644702 /* Project object */;
			proxyType = 1;
			remoteGlobalIDString = 10C908502C79E1AA00644702;
			remoteInfo = FeedbackAssistant;
		};
		10601A172D1D8C55003F0F9C /* PBXContainerItemProxy */ = {
			isa = PBXContainerItemProxy;
			containerPortal = 10C908492C79E1AA00644702 /* Project object */;
			proxyType = 1;
			remoteGlobalIDString = 10601A082D1D8C53003F0F9C;
			remoteInfo = FeedbackAssistantWidgetExtension;
		};
		10970AA72CC7A1AD00DD4642 /* PBXContainerItemProxy */ = {
			isa = PBXContainerItemProxy;
			containerPortal = 10C908492C79E1AA00644702 /* Project object */;
			proxyType = 1;
			remoteGlobalIDString = 10C908502C79E1AA00644702;
			remoteInfo = FeedbackAssistant;
		};
/* End PBXContainerItemProxy section */

/* Begin PBXCopyFilesBuildPhase section */
		10601A1A2D1D8C55003F0F9C /* Embed Foundation Extensions */ = {
			isa = PBXCopyFilesBuildPhase;
			buildActionMask = 2147483647;
			dstPath = "";
			dstSubfolderSpec = 13;
			files = (
				10601A192D1D8C55003F0F9C /* FeedbackAssistantWidgetExtension.appex in Embed Foundation Extensions */,
			);
			name = "Embed Foundation Extensions";
			runOnlyForDeploymentPostprocessing = 0;
		};
/* End PBXCopyFilesBuildPhase section */

/* Begin PBXFileReference section */
		102645462CC110EA00BCB096 /* Bundle-Decodable.swift */ = {isa = PBXFileReference; lastKnownFileType = sourcecode.swift; path = "Bundle-Decodable.swift"; sourceTree = "<group>"; };
		102645492CC117D900BCB096 /* Colors.xcassets */ = {isa = PBXFileReference; lastKnownFileType = folder.assetcatalog; path = Colors.xcassets; sourceTree = "<group>"; };
		1026454C2CC118AD00BCB096 /* Award.swift */ = {isa = PBXFileReference; lastKnownFileType = sourcecode.swift; path = Award.swift; sourceTree = "<group>"; };
		1026454E2CC119E800BCB096 /* AwardsView.swift */ = {isa = PBXFileReference; lastKnownFileType = sourcecode.swift; path = AwardsView.swift; sourceTree = "<group>"; };
		1026457B2CC3C63F00BCB096 /* en */ = {isa = PBXFileReference; lastKnownFileType = text.json; name = en; path = en.lproj/Awards.json; sourceTree = "<group>"; };
		1026457E2CC3C64A00BCB096 /* es-419 */ = {isa = PBXFileReference; lastKnownFileType = text.json; name = "es-419"; path = "es-419.lproj/Awards.json"; sourceTree = "<group>"; };
		102F81882CC3C87C000A1B0C /* Localizable.xcstrings */ = {isa = PBXFileReference; lastKnownFileType = text.json.xcstrings; path = Localizable.xcstrings; sourceTree = "<group>"; };
		102F818A2CC3C892000A1B0C /* it */ = {isa = PBXFileReference; lastKnownFileType = text.json; name = it; path = it.lproj/Awards.json; sourceTree = "<group>"; };
		102F818B2CC67F5E000A1B0C /* SideBarView+Toolbar.swift */ = {isa = PBXFileReference; lastKnownFileType = sourcecode.swift; path = "SideBarView+Toolbar.swift"; sourceTree = "<group>"; };
		102F818D2CC681B5000A1B0C /* IssueView+Toolbar.swift */ = {isa = PBXFileReference; lastKnownFileType = sourcecode.swift; path = "IssueView+Toolbar.swift"; sourceTree = "<group>"; };
		102F818F2CC682A1000A1B0C /* ContentView+Toolbar.swift */ = {isa = PBXFileReference; lastKnownFileType = sourcecode.swift; path = "ContentView+Toolbar.swift"; sourceTree = "<group>"; };
		102F81912CC6843D000A1B0C /* TagsMenuView.swift */ = {isa = PBXFileReference; lastKnownFileType = sourcecode.swift; path = TagsMenuView.swift; sourceTree = "<group>"; };
		102F81932CC68576000A1B0C /* UserFilterRow.swift */ = {isa = PBXFileReference; lastKnownFileType = sourcecode.swift; path = UserFilterRow.swift; sourceTree = "<group>"; };
		103C6E9A2CE7977800EFB389 /* FeedbackAssistantUITests.xctest */ = {isa = PBXFileReference; explicitFileType = wrapper.cfbundle; includeInIndex = 0; path = FeedbackAssistantUITests.xctest; sourceTree = BUILT_PRODUCTS_DIR; };
		1057F8742CF0B7B10026AEC9 /* SideBarViewModel.swift */ = {isa = PBXFileReference; lastKnownFileType = sourcecode.swift; path = SideBarViewModel.swift; sourceTree = "<group>"; };
		1057F8762CF0CD8F0026AEC9 /* ContentViewModel.swift */ = {isa = PBXFileReference; lastKnownFileType = sourcecode.swift; path = ContentViewModel.swift; sourceTree = "<group>"; };
		1057F8782CF0CF880026AEC9 /* IssueRowViewModel.swift */ = {isa = PBXFileReference; lastKnownFileType = sourcecode.swift; path = IssueRowViewModel.swift; sourceTree = "<group>"; };
		105B78F52D07015D00490D07 /* StoreConfiguration.storekit */ = {isa = PBXFileReference; lastKnownFileType = text; name = StoreConfiguration.storekit; path = FeedbackAssistant/StoreConfiguration.storekit; sourceTree = SOURCE_ROOT; };
		105B78F72D07031800490D07 /* DataController-StoreKit.swift */ = {isa = PBXFileReference; lastKnownFileType = sourcecode.swift; path = "DataController-StoreKit.swift"; sourceTree = "<group>"; };
		105B78FA2D070C9500490D07 /* StoreView.swift */ = {isa = PBXFileReference; lastKnownFileType = sourcecode.swift; path = StoreView.swift; sourceTree = "<group>"; };
		105F5DDA2CB40E5A00303F10 /* Issue-CoreDataHelpers.swift */ = {isa = PBXFileReference; lastKnownFileType = sourcecode.swift; path = "Issue-CoreDataHelpers.swift"; sourceTree = "<group>"; };
		105F5DDC2CB411EC00303F10 /* Tag-CoreDataHelpers.swift */ = {isa = PBXFileReference; lastKnownFileType = sourcecode.swift; path = "Tag-CoreDataHelpers.swift"; sourceTree = "<group>"; };
		105F5DDE2CB4228800303F10 /* IssueRow.swift */ = {isa = PBXFileReference; lastKnownFileType = sourcecode.swift; path = IssueRow.swift; sourceTree = "<group>"; };
		105F5DE02CB42BF800303F10 /* IssueView.swift */ = {isa = PBXFileReference; lastKnownFileType = sourcecode.swift; path = IssueView.swift; sourceTree = "<group>"; };
		105F5DE22CB42C0600303F10 /* NoIssueView.swift */ = {isa = PBXFileReference; lastKnownFileType = sourcecode.swift; path = NoIssueView.swift; sourceTree = "<group>"; };
		10601A092D1D8C53003F0F9C /* FeedbackAssistantWidgetExtension.appex */ = {isa = PBXFileReference; explicitFileType = "wrapper.app-extension"; includeInIndex = 0; path = FeedbackAssistantWidgetExtension.appex; sourceTree = BUILT_PRODUCTS_DIR; };
		10601A0B2D1D8C53003F0F9C /* WidgetKit.framework */ = {isa = PBXFileReference; lastKnownFileType = wrapper.framework; name = WidgetKit.framework; path = System/Library/Frameworks/WidgetKit.framework; sourceTree = SDKROOT; };
		10601A0D2D1D8C53003F0F9C /* SwiftUI.framework */ = {isa = PBXFileReference; lastKnownFileType = wrapper.framework; name = SwiftUI.framework; path = System/Library/Frameworks/SwiftUI.framework; sourceTree = SDKROOT; };
		10601A272D1D9163003F0F9C /* DataController-Awards.swift */ = {isa = PBXFileReference; lastKnownFileType = sourcecode.swift; path = "DataController-Awards.swift"; sourceTree = "<group>"; };
		10601A292D1D921C003F0F9C /* FeedbackAssistantDebug.entitlements */ = {isa = PBXFileReference; lastKnownFileType = text.plist.entitlements; path = FeedbackAssistantDebug.entitlements; sourceTree = "<group>"; };
		10601A2A2D1D930B003F0F9C /* FeedbackAssistantWidgetExtensionDebug.entitlements */ = {isa = PBXFileReference; lastKnownFileType = text.plist.entitlements; path = FeedbackAssistantWidgetExtensionDebug.entitlements; sourceTree = "<group>"; };
		106523442D1ACB990006C5DA /* AppDelegate.swift */ = {isa = PBXFileReference; lastKnownFileType = sourcecode.swift; path = AppDelegate.swift; sourceTree = "<group>"; };
		106523462D1ACBA30006C5DA /* SceneDelegate.swift */ = {isa = PBXFileReference; lastKnownFileType = sourcecode.swift; path = SceneDelegate.swift; sourceTree = "<group>"; };
		10970AA32CC7A1AD00DD4642 /* FeedbackAssistantTests.xctest */ = {isa = PBXFileReference; explicitFileType = wrapper.cfbundle; includeInIndex = 0; path = FeedbackAssistantTests.xctest; sourceTree = BUILT_PRODUCTS_DIR; };
		10BF2A712CFDFED90075711D /* DataController+Notifications.swift */ = {isa = PBXFileReference; lastKnownFileType = sourcecode.swift; path = "DataController+Notifications.swift"; sourceTree = "<group>"; };
		10C908512C79E1AA00644702 /* FeedbackAssistant.app */ = {isa = PBXFileReference; explicitFileType = wrapper.application; includeInIndex = 0; path = FeedbackAssistant.app; sourceTree = BUILT_PRODUCTS_DIR; };
		10C908542C79E1AA00644702 /* FeedbackAssistantApp.swift */ = {isa = PBXFileReference; lastKnownFileType = sourcecode.swift; path = FeedbackAssistantApp.swift; sourceTree = "<group>"; };
		10C908562C79E1AA00644702 /* ContentView.swift */ = {isa = PBXFileReference; lastKnownFileType = sourcecode.swift; path = ContentView.swift; sourceTree = "<group>"; };
		10C908582C79E1AB00644702 /* Assets.xcassets */ = {isa = PBXFileReference; lastKnownFileType = folder.assetcatalog; path = Assets.xcassets; sourceTree = "<group>"; };
		10C9085A2C79E1AB00644702 /* FeedbackAssistant.entitlements */ = {isa = PBXFileReference; lastKnownFileType = text.plist.entitlements; path = FeedbackAssistant.entitlements; sourceTree = "<group>"; };
		10C9085C2C79E1AB00644702 /* Preview Assets.xcassets */ = {isa = PBXFileReference; lastKnownFileType = folder.assetcatalog; path = "Preview Assets.xcassets"; sourceTree = "<group>"; };
		10C908642C79E27600644702 /* Main.xcdatamodel */ = {isa = PBXFileReference; lastKnownFileType = wrapper.xcdatamodel; path = Main.xcdatamodel; sourceTree = "<group>"; };
		10C908662C79E5D800644702 /* DataController.swift */ = {isa = PBXFileReference; lastKnownFileType = sourcecode.swift; path = DataController.swift; sourceTree = "<group>"; };
		10C908682C79F31000644702 /* Info.plist */ = {isa = PBXFileReference; lastKnownFileType = text.plist.xml; path = Info.plist; sourceTree = "<group>"; };
		10C908692C79FACC00644702 /* SideBarView.swift */ = {isa = PBXFileReference; lastKnownFileType = sourcecode.swift; path = SideBarView.swift; sourceTree = "<group>"; };
		10C9086B2C79FAE200644702 /* DetailView.swift */ = {isa = PBXFileReference; lastKnownFileType = sourcecode.swift; path = DetailView.swift; sourceTree = "<group>"; };
		10C9086D2C79FC7900644702 /* Filter.swift */ = {isa = PBXFileReference; lastKnownFileType = sourcecode.swift; path = Filter.swift; sourceTree = "<group>"; };
/* End PBXFileReference section */

/* Begin PBXFileSystemSynchronizedBuildFileExceptionSet section */
		10601A1D2D1D8C55003F0F9C /* PBXFileSystemSynchronizedBuildFileExceptionSet */ = {
			isa = PBXFileSystemSynchronizedBuildFileExceptionSet;
			membershipExceptions = (
				Info.plist,
			);
			target = 10601A082D1D8C53003F0F9C /* FeedbackAssistantWidgetExtension */;
		};
/* End PBXFileSystemSynchronizedBuildFileExceptionSet section */

/* Begin PBXFileSystemSynchronizedRootGroup section */
		103C6E9B2CE7977800EFB389 /* FeedbackAssistantUITests */ = {isa = PBXFileSystemSynchronizedRootGroup; explicitFileTypes = {}; explicitFolders = (); path = FeedbackAssistantUITests; sourceTree = "<group>"; };
		10601A0F2D1D8C53003F0F9C /* FeedbackAssistantWidget */ = {isa = PBXFileSystemSynchronizedRootGroup; exceptions = (10601A1D2D1D8C55003F0F9C /* PBXFileSystemSynchronizedBuildFileExceptionSet */, ); explicitFileTypes = {}; explicitFolders = (); path = FeedbackAssistantWidget; sourceTree = "<group>"; };
		10970AA42CC7A1AD00DD4642 /* FeedbackAssistantTests */ = {isa = PBXFileSystemSynchronizedRootGroup; explicitFileTypes = {}; explicitFolders = (); path = FeedbackAssistantTests; sourceTree = "<group>"; };
/* End PBXFileSystemSynchronizedRootGroup section */

/* Begin PBXFrameworksBuildPhase section */
		103C6E972CE7977800EFB389 /* Frameworks */ = {
			isa = PBXFrameworksBuildPhase;
			buildActionMask = 2147483647;
			files = (
			);
			runOnlyForDeploymentPostprocessing = 0;
		};
		10601A062D1D8C53003F0F9C /* Frameworks */ = {
			isa = PBXFrameworksBuildPhase;
			buildActionMask = 2147483647;
			files = (
				10601A0E2D1D8C53003F0F9C /* SwiftUI.framework in Frameworks */,
				10601A0C2D1D8C53003F0F9C /* WidgetKit.framework in Frameworks */,
			);
			runOnlyForDeploymentPostprocessing = 0;
		};
		10970AA02CC7A1AD00DD4642 /* Frameworks */ = {
			isa = PBXFrameworksBuildPhase;
			buildActionMask = 2147483647;
			files = (
			);
			runOnlyForDeploymentPostprocessing = 0;
		};
		10C9084E2C79E1AA00644702 /* Frameworks */ = {
			isa = PBXFrameworksBuildPhase;
			buildActionMask = 2147483647;
			files = (
			);
			runOnlyForDeploymentPostprocessing = 0;
		};
/* End PBXFrameworksBuildPhase section */

/* Begin PBXGroup section */
		105B78F92D070C7F00490D07 /* Store */ = {
			isa = PBXGroup;
			children = (
				105B78FA2D070C9500490D07 /* StoreView.swift */,
			);
			path = Store;
			sourceTree = "<group>";
		};
		10601A0A2D1D8C53003F0F9C /* Frameworks */ = {
			isa = PBXGroup;
			children = (
				10601A0B2D1D8C53003F0F9C /* WidgetKit.framework */,
				10601A0D2D1D8C53003F0F9C /* SwiftUI.framework */,
			);
			name = Frameworks;
			sourceTree = "<group>";
		};
		10970A982CC79D0300DD4642 /* Localization */ = {
			isa = PBXGroup;
			children = (
				102F81882CC3C87C000A1B0C /* Localizable.xcstrings */,
			);
			path = Localization;
			sourceTree = "<group>";
		};
		10970A992CC79D1500DD4642 /* Extensions */ = {
			isa = PBXGroup;
			children = (
				102645462CC110EA00BCB096 /* Bundle-Decodable.swift */,
				105F5DDA2CB40E5A00303F10 /* Issue-CoreDataHelpers.swift */,
				105F5DDC2CB411EC00303F10 /* Tag-CoreDataHelpers.swift */,
			);
			path = Extensions;
			sourceTree = "<group>";
		};
		10970A9A2CC79D3300DD4642 /* Configuration */ = {
			isa = PBXGroup;
			children = (
				10C9085A2C79E1AB00644702 /* FeedbackAssistant.entitlements */,
				10C908682C79F31000644702 /* Info.plist */,
				105B78F52D07015D00490D07 /* StoreConfiguration.storekit */,
				10C908632C79E27600644702 /* Main.xcdatamodeld */,
			);
			path = Configuration;
			sourceTree = "<group>";
		};
		10970A9B2CC79F5100DD4642 /* Filters */ = {
			isa = PBXGroup;
			children = (
				10C9086D2C79FC7900644702 /* Filter.swift */,
				10C908692C79FACC00644702 /* SideBarView.swift */,
				1057F8742CF0B7B10026AEC9 /* SideBarViewModel.swift */,
				102F818B2CC67F5E000A1B0C /* SideBarView+Toolbar.swift */,
				102F81932CC68576000A1B0C /* UserFilterRow.swift */,
			);
			path = Filters;
			sourceTree = "<group>";
		};
		10970A9C2CC79F5700DD4642 /* Issues */ = {
			isa = PBXGroup;
			children = (
				10C908562C79E1AA00644702 /* ContentView.swift */,
				1057F8762CF0CD8F0026AEC9 /* ContentViewModel.swift */,
				102F818F2CC682A1000A1B0C /* ContentView+Toolbar.swift */,
				105F5DDE2CB4228800303F10 /* IssueRow.swift */,
				1057F8782CF0CF880026AEC9 /* IssueRowViewModel.swift */,
			);
			path = Issues;
			sourceTree = "<group>";
		};
		10970A9D2CC79F5F00DD4642 /* Editing */ = {
			isa = PBXGroup;
			children = (
				10C9086B2C79FAE200644702 /* DetailView.swift */,
				105F5DE02CB42BF800303F10 /* IssueView.swift */,
				102F818D2CC681B5000A1B0C /* IssueView+Toolbar.swift */,
				105F5DE22CB42C0600303F10 /* NoIssueView.swift */,
				102F81912CC6843D000A1B0C /* TagsMenuView.swift */,
			);
			path = Editing;
			sourceTree = "<group>";
		};
		10970A9E2CC79F6500DD4642 /* Awards */ = {
			isa = PBXGroup;
			children = (
				1026454C2CC118AD00BCB096 /* Award.swift */,
				1026454E2CC119E800BCB096 /* AwardsView.swift */,
				1026457C2CC3C63F00BCB096 /* Awards.json */,
			);
			path = Awards;
			sourceTree = "<group>";
		};
		10C908482C79E1AA00644702 = {
			isa = PBXGroup;
			children = (
				10601A2A2D1D930B003F0F9C /* FeedbackAssistantWidgetExtensionDebug.entitlements */,
				10C908532C79E1AA00644702 /* FeedbackAssistant */,
				10970AA42CC7A1AD00DD4642 /* FeedbackAssistantTests */,
				103C6E9B2CE7977800EFB389 /* FeedbackAssistantUITests */,
				10601A0F2D1D8C53003F0F9C /* FeedbackAssistantWidget */,
				10601A0A2D1D8C53003F0F9C /* Frameworks */,
				10C908522C79E1AA00644702 /* Products */,
			);
			sourceTree = "<group>";
		};
		10C908522C79E1AA00644702 /* Products */ = {
			isa = PBXGroup;
			children = (
				10C908512C79E1AA00644702 /* FeedbackAssistant.app */,
				10970AA32CC7A1AD00DD4642 /* FeedbackAssistantTests.xctest */,
				103C6E9A2CE7977800EFB389 /* FeedbackAssistantUITests.xctest */,
				10601A092D1D8C53003F0F9C /* FeedbackAssistantWidgetExtension.appex */,
			);
			name = Products;
			sourceTree = "<group>";
		};
		10C908532C79E1AA00644702 /* FeedbackAssistant */ = {
			isa = PBXGroup;
			children = (
				10601A292D1D921C003F0F9C /* FeedbackAssistantDebug.entitlements */,
				105B78F92D070C7F00490D07 /* Store */,
				10970A9B2CC79F5100DD4642 /* Filters */,
				10970A9C2CC79F5700DD4642 /* Issues */,
				10970A9D2CC79F5F00DD4642 /* Editing */,
				10970A9E2CC79F6500DD4642 /* Awards */,
				10970A992CC79D1500DD4642 /* Extensions */,
				10970A982CC79D0300DD4642 /* Localization */,
				10970A9A2CC79D3300DD4642 /* Configuration */,
				10C908542C79E1AA00644702 /* FeedbackAssistantApp.swift */,
				10C908662C79E5D800644702 /* DataController.swift */,
				106523442D1ACB990006C5DA /* AppDelegate.swift */,
				106523462D1ACBA30006C5DA /* SceneDelegate.swift */,
				10BF2A712CFDFED90075711D /* DataController+Notifications.swift */,
				105B78F72D07031800490D07 /* DataController-StoreKit.swift */,
				10601A272D1D9163003F0F9C /* DataController-Awards.swift */,
				102645492CC117D900BCB096 /* Colors.xcassets */,
				10C908582C79E1AB00644702 /* Assets.xcassets */,
				10C9085B2C79E1AB00644702 /* Preview Content */,
			);
			path = FeedbackAssistant;
			sourceTree = "<group>";
		};
		10C9085B2C79E1AB00644702 /* Preview Content */ = {
			isa = PBXGroup;
			children = (
				10C9085C2C79E1AB00644702 /* Preview Assets.xcassets */,
			);
			path = "Preview Content";
			sourceTree = "<group>";
		};
/* End PBXGroup section */

/* Begin PBXNativeTarget section */
		103C6E992CE7977800EFB389 /* FeedbackAssistantUITests */ = {
			isa = PBXNativeTarget;
			buildConfigurationList = 103C6EA22CE7977800EFB389 /* Build configuration list for PBXNativeTarget "FeedbackAssistantUITests" */;
			buildPhases = (
				103C6E962CE7977800EFB389 /* Sources */,
				103C6E972CE7977800EFB389 /* Frameworks */,
				103C6E982CE7977800EFB389 /* Resources */,
			);
			buildRules = (
			);
			dependencies = (
				103C6EA12CE7977800EFB389 /* PBXTargetDependency */,
			);
			fileSystemSynchronizedGroups = (
				103C6E9B2CE7977800EFB389 /* FeedbackAssistantUITests */,
			);
			name = FeedbackAssistantUITests;
			packageProductDependencies = (
			);
			productName = FeedbackAssistantUITests;
			productReference = 103C6E9A2CE7977800EFB389 /* FeedbackAssistantUITests.xctest */;
			productType = "com.apple.product-type.bundle.ui-testing";
		};
		10601A082D1D8C53003F0F9C /* FeedbackAssistantWidgetExtension */ = {
			isa = PBXNativeTarget;
			buildConfigurationList = 10601A1E2D1D8C55003F0F9C /* Build configuration list for PBXNativeTarget "FeedbackAssistantWidgetExtension" */;
			buildPhases = (
				10601A052D1D8C53003F0F9C /* Sources */,
				10601A062D1D8C53003F0F9C /* Frameworks */,
				10601A072D1D8C53003F0F9C /* Resources */,
			);
			buildRules = (
			);
			dependencies = (
			);
			fileSystemSynchronizedGroups = (
				10601A0F2D1D8C53003F0F9C /* FeedbackAssistantWidget */,
			);
			name = FeedbackAssistantWidgetExtension;
			packageProductDependencies = (
			);
			productName = FeedbackAssistantWidgetExtension;
			productReference = 10601A092D1D8C53003F0F9C /* FeedbackAssistantWidgetExtension.appex */;
			productType = "com.apple.product-type.app-extension";
		};
		10970AA22CC7A1AD00DD4642 /* FeedbackAssistantTests */ = {
			isa = PBXNativeTarget;
			buildConfigurationList = 10970AA92CC7A1AD00DD4642 /* Build configuration list for PBXNativeTarget "FeedbackAssistantTests" */;
			buildPhases = (
				10970A9F2CC7A1AD00DD4642 /* Sources */,
				10970AA02CC7A1AD00DD4642 /* Frameworks */,
				10970AA12CC7A1AD00DD4642 /* Resources */,
			);
			buildRules = (
			);
			dependencies = (
				10970AA82CC7A1AD00DD4642 /* PBXTargetDependency */,
			);
			fileSystemSynchronizedGroups = (
				10970AA42CC7A1AD00DD4642 /* FeedbackAssistantTests */,
			);
			name = FeedbackAssistantTests;
			packageProductDependencies = (
			);
			productName = FeedbackAssistantTests;
			productReference = 10970AA32CC7A1AD00DD4642 /* FeedbackAssistantTests.xctest */;
			productType = "com.apple.product-type.bundle.unit-test";
		};
		10C908502C79E1AA00644702 /* FeedbackAssistant */ = {
			isa = PBXNativeTarget;
			buildConfigurationList = 10C908602C79E1AB00644702 /* Build configuration list for PBXNativeTarget "FeedbackAssistant" */;
			buildPhases = (
				10C9084D2C79E1AA00644702 /* Sources */,
				10C9084E2C79E1AA00644702 /* Frameworks */,
				10C9084F2C79E1AA00644702 /* Resources */,
				10601A1A2D1D8C55003F0F9C /* Embed Foundation Extensions */,
			);
			buildRules = (
			);
			dependencies = (
				102F81972CC689A7000A1B0C /* PBXTargetDependency */,
				10601A182D1D8C55003F0F9C /* PBXTargetDependency */,
			);
			name = FeedbackAssistant;
			productName = FeedbackAssistant;
			productReference = 10C908512C79E1AA00644702 /* FeedbackAssistant.app */;
			productType = "com.apple.product-type.application";
		};
/* End PBXNativeTarget section */

/* Begin PBXProject section */
		10C908492C79E1AA00644702 /* Project object */ = {
			isa = PBXProject;
			attributes = {
				BuildIndependentTargetsInParallel = 1;
				LastSwiftUpdateCheck = 1610;
				LastUpgradeCheck = 1600;
				TargetAttributes = {
					103C6E992CE7977800EFB389 = {
						CreatedOnToolsVersion = 16.0;
						TestTargetID = 10C908502C79E1AA00644702;
					};
					10601A082D1D8C53003F0F9C = {
						CreatedOnToolsVersion = 16.1;
					};
					10970AA22CC7A1AD00DD4642 = {
						CreatedOnToolsVersion = 16.0;
						TestTargetID = 10C908502C79E1AA00644702;
					};
					10C908502C79E1AA00644702 = {
						CreatedOnToolsVersion = 15.4;
					};
				};
			};
			buildConfigurationList = 10C9084C2C79E1AA00644702 /* Build configuration list for PBXProject "FeedbackAssistant" */;
			compatibilityVersion = "Xcode 14.0";
			developmentRegion = en;
			hasScannedForEncodings = 0;
			knownRegions = (
				en,
				"es-419",
				it,
			);
			mainGroup = 10C908482C79E1AA00644702;
			packageReferences = (
				102F81952CC688F5000A1B0C /* XCRemoteSwiftPackageReference "SwiftLintPlugins" */,
			);
			productRefGroup = 10C908522C79E1AA00644702 /* Products */;
			projectDirPath = "";
			projectRoot = "";
			targets = (
				10C908502C79E1AA00644702 /* FeedbackAssistant */,
				10970AA22CC7A1AD00DD4642 /* FeedbackAssistantTests */,
				103C6E992CE7977800EFB389 /* FeedbackAssistantUITests */,
				10601A082D1D8C53003F0F9C /* FeedbackAssistantWidgetExtension */,
			);
		};
/* End PBXProject section */

/* Begin PBXResourcesBuildPhase section */
		103C6E982CE7977800EFB389 /* Resources */ = {
			isa = PBXResourcesBuildPhase;
			buildActionMask = 2147483647;
			files = (
			);
			runOnlyForDeploymentPostprocessing = 0;
		};
		10601A072D1D8C53003F0F9C /* Resources */ = {
			isa = PBXResourcesBuildPhase;
			buildActionMask = 2147483647;
			files = (
			);
			runOnlyForDeploymentPostprocessing = 0;
		};
		10970AA12CC7A1AD00DD4642 /* Resources */ = {
			isa = PBXResourcesBuildPhase;
			buildActionMask = 2147483647;
			files = (
			);
			runOnlyForDeploymentPostprocessing = 0;
		};
		10C9084F2C79E1AA00644702 /* Resources */ = {
			isa = PBXResourcesBuildPhase;
			buildActionMask = 2147483647;
			files = (
				10C9085D2C79E1AB00644702 /* Preview Assets.xcassets in Resources */,
				102F81892CC3C87C000A1B0C /* Localizable.xcstrings in Resources */,
				1026454A2CC117D900BCB096 /* Colors.xcassets in Resources */,
				1026457D2CC3C63F00BCB096 /* Awards.json in Resources */,
				10C908592C79E1AB00644702 /* Assets.xcassets in Resources */,
				105B78F62D07015D00490D07 /* StoreConfiguration.storekit in Resources */,
			);
			runOnlyForDeploymentPostprocessing = 0;
		};
/* End PBXResourcesBuildPhase section */

/* Begin PBXSourcesBuildPhase section */
		103C6E962CE7977800EFB389 /* Sources */ = {
			isa = PBXSourcesBuildPhase;
			buildActionMask = 2147483647;
			files = (
			);
			runOnlyForDeploymentPostprocessing = 0;
		};
		10601A052D1D8C53003F0F9C /* Sources */ = {
			isa = PBXSourcesBuildPhase;
			buildActionMask = 2147483647;
			files = (
				10601A232D1D8E89003F0F9C /* Filter.swift in Sources */,
				10601A1F2D1D8DF4003F0F9C /* Main.xcdatamodeld in Sources */,
				10601A202D1D8E15003F0F9C /* DataController.swift in Sources */,
				10601A262D1D8EDF003F0F9C /* DataController-StoreKit.swift in Sources */,
				10601A212D1D8E32003F0F9C /* Tag-CoreDataHelpers.swift in Sources */,
				10601A222D1D8E32003F0F9C /* Issue-CoreDataHelpers.swift in Sources */,
			);
			runOnlyForDeploymentPostprocessing = 0;
		};
		10970A9F2CC7A1AD00DD4642 /* Sources */ = {
			isa = PBXSourcesBuildPhase;
			buildActionMask = 2147483647;
			files = (
			);
			runOnlyForDeploymentPostprocessing = 0;
		};
		10C9084D2C79E1AA00644702 /* Sources */ = {
			isa = PBXSourcesBuildPhase;
			buildActionMask = 2147483647;
			files = (
				10601A282D1D9163003F0F9C /* DataController-Awards.swift in Sources */,
				1057F8792CF0CF880026AEC9 /* IssueRowViewModel.swift in Sources */,
				10C9086E2C79FC7900644702 /* Filter.swift in Sources */,
				102F81922CC6843D000A1B0C /* TagsMenuView.swift in Sources */,
				1026454D2CC118AD00BCB096 /* Award.swift in Sources */,
				102F81942CC68576000A1B0C /* UserFilterRow.swift in Sources */,
				102F818E2CC681B5000A1B0C /* IssueView+Toolbar.swift in Sources */,
				1026454F2CC119E800BCB096 /* AwardsView.swift in Sources */,
				105F5DDD2CB411EC00303F10 /* Tag-CoreDataHelpers.swift in Sources */,
				10C908652C79E27600644702 /* Main.xcdatamodeld in Sources */,
				105B78F82D07031800490D07 /* DataController-StoreKit.swift in Sources */,
				105F5DDB2CB40E5A00303F10 /* Issue-CoreDataHelpers.swift in Sources */,
				102645472CC110EA00BCB096 /* Bundle-Decodable.swift in Sources */,
				102F818C2CC67F5E000A1B0C /* SideBarView+Toolbar.swift in Sources */,
				1057F8752CF0B7B10026AEC9 /* SideBarViewModel.swift in Sources */,
				10C9086C2C79FAE200644702 /* DetailView.swift in Sources */,
				106523472D1ACBA30006C5DA /* SceneDelegate.swift in Sources */,
				102F81902CC682A1000A1B0C /* ContentView+Toolbar.swift in Sources */,
				10C908672C79E5D800644702 /* DataController.swift in Sources */,
				10C908572C79E1AA00644702 /* ContentView.swift in Sources */,
				105B78FB2D070C9500490D07 /* StoreView.swift in Sources */,
				10C9086A2C79FACC00644702 /* SideBarView.swift in Sources */,
				10BF2A722CFDFED90075711D /* DataController+Notifications.swift in Sources */,
				106523452D1ACB990006C5DA /* AppDelegate.swift in Sources */,
				105F5DE12CB42BF800303F10 /* IssueView.swift in Sources */,
				1057F8772CF0CD8F0026AEC9 /* ContentViewModel.swift in Sources */,
				105F5DE32CB42C0600303F10 /* NoIssueView.swift in Sources */,
				105F5DDF2CB4228800303F10 /* IssueRow.swift in Sources */,
				10C908552C79E1AA00644702 /* FeedbackAssistantApp.swift in Sources */,
			);
			runOnlyForDeploymentPostprocessing = 0;
		};
/* End PBXSourcesBuildPhase section */

/* Begin PBXTargetDependency section */
		102F81972CC689A7000A1B0C /* PBXTargetDependency */ = {
			isa = PBXTargetDependency;
			productRef = 102F81962CC689A7000A1B0C /* SwiftLintBuildToolPlugin */;
		};
		103C6EA12CE7977800EFB389 /* PBXTargetDependency */ = {
			isa = PBXTargetDependency;
			target = 10C908502C79E1AA00644702 /* FeedbackAssistant */;
			targetProxy = 103C6EA02CE7977800EFB389 /* PBXContainerItemProxy */;
		};
		10601A182D1D8C55003F0F9C /* PBXTargetDependency */ = {
			isa = PBXTargetDependency;
			target = 10601A082D1D8C53003F0F9C /* FeedbackAssistantWidgetExtension */;
			targetProxy = 10601A172D1D8C55003F0F9C /* PBXContainerItemProxy */;
		};
		10970AA82CC7A1AD00DD4642 /* PBXTargetDependency */ = {
			isa = PBXTargetDependency;
			target = 10C908502C79E1AA00644702 /* FeedbackAssistant */;
			targetProxy = 10970AA72CC7A1AD00DD4642 /* PBXContainerItemProxy */;
		};
/* End PBXTargetDependency section */

/* Begin PBXVariantGroup section */
		1026457C2CC3C63F00BCB096 /* Awards.json */ = {
			isa = PBXVariantGroup;
			children = (
				1026457B2CC3C63F00BCB096 /* en */,
				1026457E2CC3C64A00BCB096 /* es-419 */,
				102F818A2CC3C892000A1B0C /* it */,
			);
			name = Awards.json;
			sourceTree = "<group>";
		};
/* End PBXVariantGroup section */

/* Begin XCBuildConfiguration section */
		103C6EA32CE7977800EFB389 /* Debug */ = {
			isa = XCBuildConfiguration;
			buildSettings = {
				CODE_SIGN_STYLE = Automatic;
				CURRENT_PROJECT_VERSION = 1;
				DEVELOPMENT_TEAM = 9RP466MZ3W;
				GENERATE_INFOPLIST_FILE = YES;
				IPHONEOS_DEPLOYMENT_TARGET = 18.0;
				MARKETING_VERSION = 1.0;
				PRODUCT_BUNDLE_IDENTIFIER = "com.guillermo-kramsky.FeedbackAssistantUITests";
				PRODUCT_NAME = "$(TARGET_NAME)";
				SDKROOT = iphoneos;
				SWIFT_EMIT_LOC_STRINGS = NO;
				SWIFT_VERSION = 5.0;
				TARGETED_DEVICE_FAMILY = "1,2";
				TEST_TARGET_NAME = FeedbackAssistant;
			};
			name = Debug;
		};
		103C6EA42CE7977800EFB389 /* Release */ = {
			isa = XCBuildConfiguration;
			buildSettings = {
				CODE_SIGN_STYLE = Automatic;
				CURRENT_PROJECT_VERSION = 1;
				DEVELOPMENT_TEAM = 9RP466MZ3W;
				GENERATE_INFOPLIST_FILE = YES;
				IPHONEOS_DEPLOYMENT_TARGET = 18.0;
				MARKETING_VERSION = 1.0;
				PRODUCT_BUNDLE_IDENTIFIER = "com.guillermo-kramsky.FeedbackAssistantUITests";
				PRODUCT_NAME = "$(TARGET_NAME)";
				SDKROOT = iphoneos;
				SWIFT_EMIT_LOC_STRINGS = NO;
				SWIFT_VERSION = 5.0;
				TARGETED_DEVICE_FAMILY = "1,2";
				TEST_TARGET_NAME = FeedbackAssistant;
				VALIDATE_PRODUCT = YES;
			};
			name = Release;
		};
		10601A1B2D1D8C55003F0F9C /* Debug */ = {
			isa = XCBuildConfiguration;
			buildSettings = {
				ASSETCATALOG_COMPILER_GLOBAL_ACCENT_COLOR_NAME = AccentColor;
				ASSETCATALOG_COMPILER_WIDGET_BACKGROUND_COLOR_NAME = WidgetBackground;
				CODE_SIGN_ENTITLEMENTS = FeedbackAssistantWidgetExtensionDebug.entitlements;
				CODE_SIGN_STYLE = Automatic;
				CURRENT_PROJECT_VERSION = 1;
				DEVELOPMENT_TEAM = 9RP466MZ3W;
				GENERATE_INFOPLIST_FILE = YES;
				INFOPLIST_FILE = FeedbackAssistantWidget/Info.plist;
				INFOPLIST_KEY_CFBundleDisplayName = FeedbackAssistantWidget;
				INFOPLIST_KEY_NSHumanReadableCopyright = "";
				IPHONEOS_DEPLOYMENT_TARGET = 18.1;
				LD_RUNPATH_SEARCH_PATHS = (
					"$(inherited)",
					"@executable_path/Frameworks",
					"@executable_path/../../Frameworks",
				);
				MARKETING_VERSION = 1.0;
				PRODUCT_BUNDLE_IDENTIFIER = "com.guillermo-kramsky.FeedbackAssistant.FeedbackAssistantWidget";
				PRODUCT_NAME = "$(TARGET_NAME)";
				SDKROOT = iphoneos;
				SKIP_INSTALL = YES;
				SWIFT_EMIT_LOC_STRINGS = YES;
				SWIFT_VERSION = 5.0;
				TARGETED_DEVICE_FAMILY = "1,2";
			};
			name = Debug;
		};
		10601A1C2D1D8C55003F0F9C /* Release */ = {
			isa = XCBuildConfiguration;
			buildSettings = {
				ASSETCATALOG_COMPILER_GLOBAL_ACCENT_COLOR_NAME = AccentColor;
				ASSETCATALOG_COMPILER_WIDGET_BACKGROUND_COLOR_NAME = WidgetBackground;
				CODE_SIGN_STYLE = Automatic;
				CURRENT_PROJECT_VERSION = 1;
				DEVELOPMENT_TEAM = 9RP466MZ3W;
				GENERATE_INFOPLIST_FILE = YES;
				INFOPLIST_FILE = FeedbackAssistantWidget/Info.plist;
				INFOPLIST_KEY_CFBundleDisplayName = FeedbackAssistantWidget;
				INFOPLIST_KEY_NSHumanReadableCopyright = "";
				IPHONEOS_DEPLOYMENT_TARGET = 18.1;
				LD_RUNPATH_SEARCH_PATHS = (
					"$(inherited)",
					"@executable_path/Frameworks",
					"@executable_path/../../Frameworks",
				);
				MARKETING_VERSION = 1.0;
				PRODUCT_BUNDLE_IDENTIFIER = "com.guillermo-kramsky.FeedbackAssistant.FeedbackAssistantWidget";
				PRODUCT_NAME = "$(TARGET_NAME)";
				SDKROOT = iphoneos;
				SKIP_INSTALL = YES;
				SWIFT_EMIT_LOC_STRINGS = YES;
				SWIFT_VERSION = 5.0;
				TARGETED_DEVICE_FAMILY = "1,2";
				VALIDATE_PRODUCT = YES;
			};
			name = Release;
		};
		10970AAA2CC7A1AD00DD4642 /* Debug */ = {
			isa = XCBuildConfiguration;
			buildSettings = {
				BUNDLE_LOADER = "$(TEST_HOST)";
				"CODE_SIGN_IDENTITY[sdk=macosx*]" = "Apple Development";
				CODE_SIGN_STYLE = Automatic;
				CURRENT_PROJECT_VERSION = 1;
				DEVELOPMENT_TEAM = 9RP466MZ3W;
				GENERATE_INFOPLIST_FILE = YES;
				IPHONEOS_DEPLOYMENT_TARGET = 18.0;
				MARKETING_VERSION = 1.0;
				PRODUCT_BUNDLE_IDENTIFIER = "com.guillermo-kramsky.FeedbackAssistantTests";
				PRODUCT_NAME = "$(TARGET_NAME)";
				SDKROOT = iphoneos;
				SWIFT_EMIT_LOC_STRINGS = NO;
				SWIFT_VERSION = 5.0;
				TARGETED_DEVICE_FAMILY = "1,2";
				TEST_HOST = "$(BUILT_PRODUCTS_DIR)/FeedbackAssistant.app/$(BUNDLE_EXECUTABLE_FOLDER_PATH)/FeedbackAssistant";
			};
			name = Debug;
		};
		10970AAB2CC7A1AD00DD4642 /* Release */ = {
			isa = XCBuildConfiguration;
			buildSettings = {
				BUNDLE_LOADER = "$(TEST_HOST)";
				"CODE_SIGN_IDENTITY[sdk=macosx*]" = "Apple Development";
				CODE_SIGN_STYLE = Automatic;
				CURRENT_PROJECT_VERSION = 1;
				DEVELOPMENT_TEAM = 9RP466MZ3W;
				GENERATE_INFOPLIST_FILE = YES;
				IPHONEOS_DEPLOYMENT_TARGET = 18.0;
				MARKETING_VERSION = 1.0;
				PRODUCT_BUNDLE_IDENTIFIER = "com.guillermo-kramsky.FeedbackAssistantTests";
				PRODUCT_NAME = "$(TARGET_NAME)";
				SDKROOT = iphoneos;
				SWIFT_EMIT_LOC_STRINGS = NO;
				SWIFT_VERSION = 5.0;
				TARGETED_DEVICE_FAMILY = "1,2";
				TEST_HOST = "$(BUILT_PRODUCTS_DIR)/FeedbackAssistant.app/$(BUNDLE_EXECUTABLE_FOLDER_PATH)/FeedbackAssistant";
				VALIDATE_PRODUCT = YES;
			};
			name = Release;
		};
		10C9085E2C79E1AB00644702 /* Debug */ = {
			isa = XCBuildConfiguration;
			buildSettings = {
				ALWAYS_SEARCH_USER_PATHS = NO;
				ASSETCATALOG_COMPILER_GENERATE_SWIFT_ASSET_SYMBOL_EXTENSIONS = YES;
				CLANG_ANALYZER_LOCALIZABILITY_NONLOCALIZED = YES;
				CLANG_ANALYZER_NONNULL = YES;
				CLANG_ANALYZER_NUMBER_OBJECT_CONVERSION = YES_AGGRESSIVE;
				CLANG_CXX_LANGUAGE_STANDARD = "gnu++20";
				CLANG_ENABLE_MODULES = YES;
				CLANG_ENABLE_OBJC_ARC = YES;
				CLANG_ENABLE_OBJC_WEAK = YES;
				CLANG_WARN_BLOCK_CAPTURE_AUTORELEASING = YES;
				CLANG_WARN_BOOL_CONVERSION = YES;
				CLANG_WARN_COMMA = YES;
				CLANG_WARN_CONSTANT_CONVERSION = YES;
				CLANG_WARN_DEPRECATED_OBJC_IMPLEMENTATIONS = YES;
				CLANG_WARN_DIRECT_OBJC_ISA_USAGE = YES_ERROR;
				CLANG_WARN_DOCUMENTATION_COMMENTS = YES;
				CLANG_WARN_EMPTY_BODY = YES;
				CLANG_WARN_ENUM_CONVERSION = YES;
				CLANG_WARN_INFINITE_RECURSION = YES;
				CLANG_WARN_INT_CONVERSION = YES;
				CLANG_WARN_NON_LITERAL_NULL_CONVERSION = YES;
				CLANG_WARN_OBJC_IMPLICIT_RETAIN_SELF = YES;
				CLANG_WARN_OBJC_LITERAL_CONVERSION = YES;
				CLANG_WARN_OBJC_ROOT_CLASS = YES_ERROR;
				CLANG_WARN_QUOTED_INCLUDE_IN_FRAMEWORK_HEADER = YES;
				CLANG_WARN_RANGE_LOOP_ANALYSIS = YES;
				CLANG_WARN_STRICT_PROTOTYPES = YES;
				CLANG_WARN_SUSPICIOUS_MOVE = YES;
				CLANG_WARN_UNGUARDED_AVAILABILITY = YES_AGGRESSIVE;
				CLANG_WARN_UNREACHABLE_CODE = YES;
				CLANG_WARN__DUPLICATE_METHOD_MATCH = YES;
				COPY_PHASE_STRIP = NO;
				DEAD_CODE_STRIPPING = YES;
				DEBUG_INFORMATION_FORMAT = dwarf;
				ENABLE_STRICT_OBJC_MSGSEND = YES;
				ENABLE_TESTABILITY = YES;
				ENABLE_USER_SCRIPT_SANDBOXING = YES;
				GCC_C_LANGUAGE_STANDARD = gnu17;
				GCC_DYNAMIC_NO_PIC = NO;
				GCC_NO_COMMON_BLOCKS = YES;
				GCC_OPTIMIZATION_LEVEL = 0;
				GCC_PREPROCESSOR_DEFINITIONS = (
					"DEBUG=1",
					"$(inherited)",
				);
				GCC_WARN_64_TO_32_BIT_CONVERSION = YES;
				GCC_WARN_ABOUT_RETURN_TYPE = YES_ERROR;
				GCC_WARN_UNDECLARED_SELECTOR = YES;
				GCC_WARN_UNINITIALIZED_AUTOS = YES_AGGRESSIVE;
				GCC_WARN_UNUSED_FUNCTION = YES;
				GCC_WARN_UNUSED_VARIABLE = YES;
				LOCALIZATION_PREFERS_STRING_CATALOGS = YES;
				MTL_ENABLE_DEBUG_INFO = INCLUDE_SOURCE;
				MTL_FAST_MATH = YES;
				ONLY_ACTIVE_ARCH = YES;
				SWIFT_ACTIVE_COMPILATION_CONDITIONS = "DEBUG $(inherited)";
				SWIFT_EMIT_LOC_STRINGS = YES;
				SWIFT_OPTIMIZATION_LEVEL = "-Onone";
			};
			name = Debug;
		};
		10C9085F2C79E1AB00644702 /* Release */ = {
			isa = XCBuildConfiguration;
			buildSettings = {
				ALWAYS_SEARCH_USER_PATHS = NO;
				ASSETCATALOG_COMPILER_GENERATE_SWIFT_ASSET_SYMBOL_EXTENSIONS = YES;
				CLANG_ANALYZER_LOCALIZABILITY_NONLOCALIZED = YES;
				CLANG_ANALYZER_NONNULL = YES;
				CLANG_ANALYZER_NUMBER_OBJECT_CONVERSION = YES_AGGRESSIVE;
				CLANG_CXX_LANGUAGE_STANDARD = "gnu++20";
				CLANG_ENABLE_MODULES = YES;
				CLANG_ENABLE_OBJC_ARC = YES;
				CLANG_ENABLE_OBJC_WEAK = YES;
				CLANG_WARN_BLOCK_CAPTURE_AUTORELEASING = YES;
				CLANG_WARN_BOOL_CONVERSION = YES;
				CLANG_WARN_COMMA = YES;
				CLANG_WARN_CONSTANT_CONVERSION = YES;
				CLANG_WARN_DEPRECATED_OBJC_IMPLEMENTATIONS = YES;
				CLANG_WARN_DIRECT_OBJC_ISA_USAGE = YES_ERROR;
				CLANG_WARN_DOCUMENTATION_COMMENTS = YES;
				CLANG_WARN_EMPTY_BODY = YES;
				CLANG_WARN_ENUM_CONVERSION = YES;
				CLANG_WARN_INFINITE_RECURSION = YES;
				CLANG_WARN_INT_CONVERSION = YES;
				CLANG_WARN_NON_LITERAL_NULL_CONVERSION = YES;
				CLANG_WARN_OBJC_IMPLICIT_RETAIN_SELF = YES;
				CLANG_WARN_OBJC_LITERAL_CONVERSION = YES;
				CLANG_WARN_OBJC_ROOT_CLASS = YES_ERROR;
				CLANG_WARN_QUOTED_INCLUDE_IN_FRAMEWORK_HEADER = YES;
				CLANG_WARN_RANGE_LOOP_ANALYSIS = YES;
				CLANG_WARN_STRICT_PROTOTYPES = YES;
				CLANG_WARN_SUSPICIOUS_MOVE = YES;
				CLANG_WARN_UNGUARDED_AVAILABILITY = YES_AGGRESSIVE;
				CLANG_WARN_UNREACHABLE_CODE = YES;
				CLANG_WARN__DUPLICATE_METHOD_MATCH = YES;
				COPY_PHASE_STRIP = NO;
				DEAD_CODE_STRIPPING = YES;
				DEBUG_INFORMATION_FORMAT = "dwarf-with-dsym";
				ENABLE_NS_ASSERTIONS = NO;
				ENABLE_STRICT_OBJC_MSGSEND = YES;
				ENABLE_USER_SCRIPT_SANDBOXING = YES;
				GCC_C_LANGUAGE_STANDARD = gnu17;
				GCC_NO_COMMON_BLOCKS = YES;
				GCC_WARN_64_TO_32_BIT_CONVERSION = YES;
				GCC_WARN_ABOUT_RETURN_TYPE = YES_ERROR;
				GCC_WARN_UNDECLARED_SELECTOR = YES;
				GCC_WARN_UNINITIALIZED_AUTOS = YES_AGGRESSIVE;
				GCC_WARN_UNUSED_FUNCTION = YES;
				GCC_WARN_UNUSED_VARIABLE = YES;
				LOCALIZATION_PREFERS_STRING_CATALOGS = YES;
				MTL_ENABLE_DEBUG_INFO = NO;
				MTL_FAST_MATH = YES;
				SWIFT_COMPILATION_MODE = wholemodule;
				SWIFT_EMIT_LOC_STRINGS = YES;
			};
			name = Release;
		};
		10C908612C79E1AB00644702 /* Debug */ = {
			isa = XCBuildConfiguration;
			buildSettings = {
				ASSETCATALOG_COMPILER_APPICON_NAME = AppIcon;
				ASSETCATALOG_COMPILER_GLOBAL_ACCENT_COLOR_NAME = AccentColor;
				CODE_SIGN_ENTITLEMENTS = FeedbackAssistant/FeedbackAssistantDebug.entitlements;
				CODE_SIGN_STYLE = Automatic;
				CURRENT_PROJECT_VERSION = 1;
				DEAD_CODE_STRIPPING = YES;
				DEVELOPMENT_ASSET_PATHS = "\"FeedbackAssistant/Preview Content\"";
				DEVELOPMENT_TEAM = 9RP466MZ3W;
				ENABLE_HARDENED_RUNTIME = YES;
				ENABLE_PREVIEWS = YES;
				GENERATE_INFOPLIST_FILE = YES;
				INFOPLIST_FILE = FeedbackAssistant/Configuration/Info.plist;
				"INFOPLIST_KEY_UIApplicationSceneManifest_Generation[sdk=iphoneos*]" = YES;
				"INFOPLIST_KEY_UIApplicationSceneManifest_Generation[sdk=iphonesimulator*]" = YES;
				"INFOPLIST_KEY_UIApplicationSupportsIndirectInputEvents[sdk=iphoneos*]" = YES;
				"INFOPLIST_KEY_UIApplicationSupportsIndirectInputEvents[sdk=iphonesimulator*]" = YES;
				"INFOPLIST_KEY_UILaunchScreen_Generation[sdk=iphoneos*]" = YES;
				"INFOPLIST_KEY_UILaunchScreen_Generation[sdk=iphonesimulator*]" = YES;
				"INFOPLIST_KEY_UIStatusBarStyle[sdk=iphoneos*]" = UIStatusBarStyleDefault;
				"INFOPLIST_KEY_UIStatusBarStyle[sdk=iphonesimulator*]" = UIStatusBarStyleDefault;
				INFOPLIST_KEY_UISupportedInterfaceOrientations_iPad = "UIInterfaceOrientationPortrait UIInterfaceOrientationPortraitUpsideDown UIInterfaceOrientationLandscapeLeft UIInterfaceOrientationLandscapeRight";
				INFOPLIST_KEY_UISupportedInterfaceOrientations_iPhone = "UIInterfaceOrientationPortrait UIInterfaceOrientationLandscapeLeft UIInterfaceOrientationLandscapeRight";
				IPHONEOS_DEPLOYMENT_TARGET = 17.5;
				LD_RUNPATH_SEARCH_PATHS = "@executable_path/Frameworks";
				"LD_RUNPATH_SEARCH_PATHS[sdk=macosx*]" = "@executable_path/../Frameworks";
				MACOSX_DEPLOYMENT_TARGET = 14.5;
				MARKETING_VERSION = 1.0;
				PRODUCT_BUNDLE_IDENTIFIER = "com.guillermo-kramsky.FeedbackAssistant";
				PRODUCT_NAME = "$(TARGET_NAME)";
				SDKROOT = auto;
				SUPPORTED_PLATFORMS = "iphoneos iphonesimulator macosx";
				SWIFT_EMIT_LOC_STRINGS = YES;
				SWIFT_VERSION = 5.0;
				TARGETED_DEVICE_FAMILY = "1,2";
			};
			name = Debug;
		};
		10C908622C79E1AB00644702 /* Release */ = {
			isa = XCBuildConfiguration;
			buildSettings = {
				ASSETCATALOG_COMPILER_APPICON_NAME = AppIcon;
				ASSETCATALOG_COMPILER_GLOBAL_ACCENT_COLOR_NAME = AccentColor;
				CODE_SIGN_ENTITLEMENTS = FeedbackAssistant/Configuration/FeedbackAssistant.entitlements;
				CODE_SIGN_STYLE = Automatic;
				CURRENT_PROJECT_VERSION = 1;
				DEAD_CODE_STRIPPING = YES;
				DEVELOPMENT_ASSET_PATHS = "\"FeedbackAssistant/Preview Content\"";
				DEVELOPMENT_TEAM = 9RP466MZ3W;
				ENABLE_HARDENED_RUNTIME = YES;
				ENABLE_PREVIEWS = YES;
				GENERATE_INFOPLIST_FILE = YES;
				INFOPLIST_FILE = FeedbackAssistant/Configuration/Info.plist;
				"INFOPLIST_KEY_UIApplicationSceneManifest_Generation[sdk=iphoneos*]" = YES;
				"INFOPLIST_KEY_UIApplicationSceneManifest_Generation[sdk=iphonesimulator*]" = YES;
				"INFOPLIST_KEY_UIApplicationSupportsIndirectInputEvents[sdk=iphoneos*]" = YES;
				"INFOPLIST_KEY_UIApplicationSupportsIndirectInputEvents[sdk=iphonesimulator*]" = YES;
				"INFOPLIST_KEY_UILaunchScreen_Generation[sdk=iphoneos*]" = YES;
				"INFOPLIST_KEY_UILaunchScreen_Generation[sdk=iphonesimulator*]" = YES;
				"INFOPLIST_KEY_UIStatusBarStyle[sdk=iphoneos*]" = UIStatusBarStyleDefault;
				"INFOPLIST_KEY_UIStatusBarStyle[sdk=iphonesimulator*]" = UIStatusBarStyleDefault;
				INFOPLIST_KEY_UISupportedInterfaceOrientations_iPad = "UIInterfaceOrientationPortrait UIInterfaceOrientationPortraitUpsideDown UIInterfaceOrientationLandscapeLeft UIInterfaceOrientationLandscapeRight";
				INFOPLIST_KEY_UISupportedInterfaceOrientations_iPhone = "UIInterfaceOrientationPortrait UIInterfaceOrientationLandscapeLeft UIInterfaceOrientationLandscapeRight";
				IPHONEOS_DEPLOYMENT_TARGET = 17.5;
				LD_RUNPATH_SEARCH_PATHS = "@executable_path/Frameworks";
				"LD_RUNPATH_SEARCH_PATHS[sdk=macosx*]" = "@executable_path/../Frameworks";
				MACOSX_DEPLOYMENT_TARGET = 14.5;
				MARKETING_VERSION = 1.0;
				PRODUCT_BUNDLE_IDENTIFIER = "com.guillermo-kramsky.FeedbackAssistant";
				PRODUCT_NAME = "$(TARGET_NAME)";
				SDKROOT = auto;
				SUPPORTED_PLATFORMS = "iphoneos iphonesimulator macosx";
				SWIFT_EMIT_LOC_STRINGS = YES;
				SWIFT_VERSION = 5.0;
				TARGETED_DEVICE_FAMILY = "1,2";
			};
			name = Release;
		};
/* End XCBuildConfiguration section */

/* Begin XCConfigurationList section */
		103C6EA22CE7977800EFB389 /* Build configuration list for PBXNativeTarget "FeedbackAssistantUITests" */ = {
			isa = XCConfigurationList;
			buildConfigurations = (
				103C6EA32CE7977800EFB389 /* Debug */,
				103C6EA42CE7977800EFB389 /* Release */,
			);
			defaultConfigurationIsVisible = 0;
			defaultConfigurationName = Release;
		};
		10601A1E2D1D8C55003F0F9C /* Build configuration list for PBXNativeTarget "FeedbackAssistantWidgetExtension" */ = {
			isa = XCConfigurationList;
			buildConfigurations = (
				10601A1B2D1D8C55003F0F9C /* Debug */,
				10601A1C2D1D8C55003F0F9C /* Release */,
			);
			defaultConfigurationIsVisible = 0;
			defaultConfigurationName = Release;
		};
		10970AA92CC7A1AD00DD4642 /* Build configuration list for PBXNativeTarget "FeedbackAssistantTests" */ = {
			isa = XCConfigurationList;
			buildConfigurations = (
				10970AAA2CC7A1AD00DD4642 /* Debug */,
				10970AAB2CC7A1AD00DD4642 /* Release */,
			);
			defaultConfigurationIsVisible = 0;
			defaultConfigurationName = Release;
		};
		10C9084C2C79E1AA00644702 /* Build configuration list for PBXProject "FeedbackAssistant" */ = {
			isa = XCConfigurationList;
			buildConfigurations = (
				10C9085E2C79E1AB00644702 /* Debug */,
				10C9085F2C79E1AB00644702 /* Release */,
			);
			defaultConfigurationIsVisible = 0;
			defaultConfigurationName = Release;
		};
		10C908602C79E1AB00644702 /* Build configuration list for PBXNativeTarget "FeedbackAssistant" */ = {
			isa = XCConfigurationList;
			buildConfigurations = (
				10C908612C79E1AB00644702 /* Debug */,
				10C908622C79E1AB00644702 /* Release */,
			);
			defaultConfigurationIsVisible = 0;
			defaultConfigurationName = Release;
		};
/* End XCConfigurationList section */

/* Begin XCRemoteSwiftPackageReference section */
		102F81952CC688F5000A1B0C /* XCRemoteSwiftPackageReference "SwiftLintPlugins" */ = {
			isa = XCRemoteSwiftPackageReference;
			repositoryURL = "https://github.com/SimplyDanny/SwiftLintPlugins";
			requirement = {
				kind = upToNextMajorVersion;
				minimumVersion = 0.57.0;
			};
		};
/* End XCRemoteSwiftPackageReference section */

/* Begin XCSwiftPackageProductDependency section */
		102F81962CC689A7000A1B0C /* SwiftLintBuildToolPlugin */ = {
			isa = XCSwiftPackageProductDependency;
			package = 102F81952CC688F5000A1B0C /* XCRemoteSwiftPackageReference "SwiftLintPlugins" */;
			productName = "plugin:SwiftLintBuildToolPlugin";
		};
/* End XCSwiftPackageProductDependency section */

/* Begin XCVersionGroup section */
		10C908632C79E27600644702 /* Main.xcdatamodeld */ = {
			isa = XCVersionGroup;
			children = (
				10C908642C79E27600644702 /* Main.xcdatamodel */,
			);
			currentVersion = 10C908642C79E27600644702 /* Main.xcdatamodel */;
			path = Main.xcdatamodeld;
			sourceTree = "<group>";
			versionGroupType = wrapper.xcdatamodel;
		};
/* End XCVersionGroup section */
	};
	rootObject = 10C908492C79E1AA00644702 /* Project object */;
}
